
Microsoft Visual Studio Solution File, Format Version 12.00
# Visual Studio 15
VisualStudioVersion = 15.0.28307.539
MinimumVisualStudioVersion = 10.0.40219.1
Project("{FAE04EC0-301F-11D3-BF4B-00C04F79EFBC}") = "Kolygina11gr_Exam", "Kolygina11gr_Exam.csproj", "{56B339AA-D763-4E02-915D-FFDBBB3C1A6D}"
EndProject
Global
	GlobalSection(SolutionConfigurationPlatforms) = preSolution
		Debug|Any CPU = Debug|Any CPU
		Release|Any CPU = Release|Any CPU
	EndGlobalSection
	GlobalSection(ProjectConfigurationPlatforms) = postSolution
		{56B339AA-D763-4E02-915D-FFDBBB3C1A6D}.Debug|Any CPU.ActiveCfg = Debug|Any CPU
		{56B339AA-D763-4E02-915D-FFDBBB3C1A6D}.Debug|Any CPU.Build.0 = Debug|Any CPU
		{56B339AA-D763-4E02-915D-FFDBBB3C1A6D}.Release|Any CPU.ActiveCfg = Release|Any CPU
		{56B339AA-D763-4E02-915D-FFDBBB3C1A6D}.Release|Any CPU.Build.0 = Release|Any CPU
	EndGlobalSection
	GlobalSection(SolutionProperties) = preSolution
		HideSolutionNode = FALSE
	EndGlobalSection
	GlobalSection(ExtensibilityGlobals) = postSolution
		SolutionGuid = {99E9342E-1058-4B4B-B263-5AF587AAEAC2}
	EndGlobalSection
EndGlobal
